// !$*UTF8*$!
{
	archiveVersion = 1;
	classes = {
	};
	objectVersion = 46;
	objects = {

/* Begin PBXBuildFile section */
		492AE86B1FB089E000F7B7C1 /* LKNWearable.xcdatamodeld in Sources */ = {isa = PBXBuildFile; fileRef = 492AE8691FB089E000F7B7C1 /* LKNWearable.xcdatamodeld */; };
		492AE86D1FB08DCD00F7B7C1 /* HeartDataTableViewController.swift in Sources */ = {isa = PBXBuildFile; fileRef = 492AE86C1FB08DCD00F7B7C1 /* HeartDataTableViewController.swift */; };
		493F21491F0D5EBC002237F7 /* AppDelegate.swift in Sources */ = {isa = PBXBuildFile; fileRef = 493F21481F0D5EBC002237F7 /* AppDelegate.swift */; };
		493F214B1F0D5EBC002237F7 /* ViewController.swift in Sources */ = {isa = PBXBuildFile; fileRef = 493F214A1F0D5EBC002237F7 /* ViewController.swift */; };
		493F214E1F0D5EBC002237F7 /* Main.storyboard in Resources */ = {isa = PBXBuildFile; fileRef = 493F214C1F0D5EBC002237F7 /* Main.storyboard */; };
		493F21501F0D5EBC002237F7 /* Assets.xcassets in Resources */ = {isa = PBXBuildFile; fileRef = 493F214F1F0D5EBC002237F7 /* Assets.xcassets */; };
		493F21531F0D5EBC002237F7 /* LaunchScreen.storyboard in Resources */ = {isa = PBXBuildFile; fileRef = 493F21511F0D5EBC002237F7 /* LaunchScreen.storyboard */; };
		495C431D1F4246510034DDB2 /* Keys.plist in Resources */ = {isa = PBXBuildFile; fileRef = 495C431C1F4246510034DDB2 /* Keys.plist */; };
		495C431F1F4247160034DDB2 /* Keys_dummy.plist in Resources */ = {isa = PBXBuildFile; fileRef = 495C431E1F4247160034DDB2 /* Keys_dummy.plist */; };
		49DC1B811FC5A246005064C0 /* SettingsTableViewController.swift in Sources */ = {isa = PBXBuildFile; fileRef = 49DC1B801FC5A246005064C0 /* SettingsTableViewController.swift */; };
		49DC1B831FC5A369005064C0 /* DateOfBirthViewController.swift in Sources */ = {isa = PBXBuildFile; fileRef = 49DC1B821FC5A369005064C0 /* DateOfBirthViewController.swift */; };
		49DC1B851FC5B3FF005064C0 /* NameTableViewController.swift in Sources */ = {isa = PBXBuildFile; fileRef = 49DC1B841FC5B3FF005064C0 /* NameTableViewController.swift */; };
		9E05C5C31C8DDCBF0204A5E3 /* Pods_LKNWearable.framework in Frameworks */ = {isa = PBXBuildFile; fileRef = 3DC19717F3BCEB6AA50E89EE /* Pods_LKNWearable.framework */; };
/* End PBXBuildFile section */

/* Begin PBXFileReference section */
		1E352AFAF4001A8AD52831E0 /* Pods-LKNWearable.debug.xcconfig */ = {isa = PBXFileReference; includeInIndex = 1; lastKnownFileType = text.xcconfig; name = "Pods-LKNWearable.debug.xcconfig"; path = "Pods/Target Support Files/Pods-LKNWearable/Pods-LKNWearable.debug.xcconfig"; sourceTree = "<group>"; };
		3DC19717F3BCEB6AA50E89EE /* Pods_LKNWearable.framework */ = {isa = PBXFileReference; explicitFileType = wrapper.framework; includeInIndex = 0; path = Pods_LKNWearable.framework; sourceTree = BUILT_PRODUCTS_DIR; };
		492AE86A1FB089E000F7B7C1 /* LKNWearable.xcdatamodel */ = {isa = PBXFileReference; lastKnownFileType = wrapper.xcdatamodel; path = LKNWearable.xcdatamodel; sourceTree = "<group>"; };
		492AE86C1FB08DCD00F7B7C1 /* HeartDataTableViewController.swift */ = {isa = PBXFileReference; lastKnownFileType = sourcecode.swift; path = HeartDataTableViewController.swift; sourceTree = "<group>"; };
		493F21451F0D5EBC002237F7 /* LKNWearable.app */ = {isa = PBXFileReference; explicitFileType = wrapper.application; includeInIndex = 0; path = LKNWearable.app; sourceTree = BUILT_PRODUCTS_DIR; };
		493F21481F0D5EBC002237F7 /* AppDelegate.swift */ = {isa = PBXFileReference; lastKnownFileType = sourcecode.swift; path = AppDelegate.swift; sourceTree = "<group>"; };
		493F214A1F0D5EBC002237F7 /* ViewController.swift */ = {isa = PBXFileReference; lastKnownFileType = sourcecode.swift; path = ViewController.swift; sourceTree = "<group>"; };
		493F214D1F0D5EBC002237F7 /* Base */ = {isa = PBXFileReference; lastKnownFileType = file.storyboard; name = Base; path = Base.lproj/Main.storyboard; sourceTree = "<group>"; };
		493F214F1F0D5EBC002237F7 /* Assets.xcassets */ = {isa = PBXFileReference; lastKnownFileType = folder.assetcatalog; path = Assets.xcassets; sourceTree = "<group>"; };
		493F21521F0D5EBC002237F7 /* Base */ = {isa = PBXFileReference; lastKnownFileType = file.storyboard; name = Base; path = Base.lproj/LaunchScreen.storyboard; sourceTree = "<group>"; };
		493F21541F0D5EBC002237F7 /* Info.plist */ = {isa = PBXFileReference; lastKnownFileType = text.plist.xml; path = Info.plist; sourceTree = "<group>"; };
		495C431C1F4246510034DDB2 /* Keys.plist */ = {isa = PBXFileReference; fileEncoding = 4; lastKnownFileType = text.plist.xml; path = Keys.plist; sourceTree = "<group>"; };
		495C431E1F4247160034DDB2 /* Keys_dummy.plist */ = {isa = PBXFileReference; fileEncoding = 4; lastKnownFileType = text.plist.xml; path = Keys_dummy.plist; sourceTree = "<group>"; };
		4992A51F1FC868800097A1D2 /* LKNWearable v2.xcdatamodel */ = {isa = PBXFileReference; lastKnownFileType = wrapper.xcdatamodel; path = "LKNWearable v2.xcdatamodel"; sourceTree = "<group>"; };
		49DC1B801FC5A246005064C0 /* SettingsTableViewController.swift */ = {isa = PBXFileReference; lastKnownFileType = sourcecode.swift; path = SettingsTableViewController.swift; sourceTree = "<group>"; };
		49DC1B821FC5A369005064C0 /* DateOfBirthViewController.swift */ = {isa = PBXFileReference; fileEncoding = 4; lastKnownFileType = sourcecode.swift; path = DateOfBirthViewController.swift; sourceTree = "<group>"; };
		49DC1B841FC5B3FF005064C0 /* NameTableViewController.swift */ = {isa = PBXFileReference; fileEncoding = 4; lastKnownFileType = sourcecode.swift; path = NameTableViewController.swift; sourceTree = "<group>"; };
		D48DEF5507BFDBE507284E95 /* Pods-LKNWearable.release.xcconfig */ = {isa = PBXFileReference; includeInIndex = 1; lastKnownFileType = text.xcconfig; name = "Pods-LKNWearable.release.xcconfig"; path = "Pods/Target Support Files/Pods-LKNWearable/Pods-LKNWearable.release.xcconfig"; sourceTree = "<group>"; };
/* End PBXFileReference section */

/* Begin PBXFrameworksBuildPhase section */
		493F21421F0D5EBC002237F7 /* Frameworks */ = {
			isa = PBXFrameworksBuildPhase;
			buildActionMask = 2147483647;
			files = (
				9E05C5C31C8DDCBF0204A5E3 /* Pods_LKNWearable.framework in Frameworks */,
			);
			runOnlyForDeploymentPostprocessing = 0;
		};
/* End PBXFrameworksBuildPhase section */

/* Begin PBXGroup section */
		00C50D144B13D1342CC3D38D /* Frameworks */ = {
			isa = PBXGroup;
			children = (
				3DC19717F3BCEB6AA50E89EE /* Pods_LKNWearable.framework */,
			);
			name = Frameworks;
			sourceTree = "<group>";
		};
		286D2A5121CE09D83B8F3310 /* Pods */ = {
			isa = PBXGroup;
			children = (
				1E352AFAF4001A8AD52831E0 /* Pods-LKNWearable.debug.xcconfig */,
				D48DEF5507BFDBE507284E95 /* Pods-LKNWearable.release.xcconfig */,
			);
			name = Pods;
			sourceTree = "<group>";
		};
		493F213C1F0D5EBC002237F7 = {
			isa = PBXGroup;
			children = (
				493F21471F0D5EBC002237F7 /* LKNWearable */,
				493F21461F0D5EBC002237F7 /* Products */,
				286D2A5121CE09D83B8F3310 /* Pods */,
				00C50D144B13D1342CC3D38D /* Frameworks */,
			);
			sourceTree = "<group>";
		};
		493F21461F0D5EBC002237F7 /* Products */ = {
			isa = PBXGroup;
			children = (
				493F21451F0D5EBC002237F7 /* LKNWearable.app */,
			);
			name = Products;
			sourceTree = "<group>";
		};
		493F21471F0D5EBC002237F7 /* LKNWearable */ = {
			isa = PBXGroup;
			children = (
				493F21481F0D5EBC002237F7 /* AppDelegate.swift */,
				493F214A1F0D5EBC002237F7 /* ViewController.swift */,
				493F214C1F0D5EBC002237F7 /* Main.storyboard */,
				493F214F1F0D5EBC002237F7 /* Assets.xcassets */,
				493F21511F0D5EBC002237F7 /* LaunchScreen.storyboard */,
				493F21541F0D5EBC002237F7 /* Info.plist */,
				495C431C1F4246510034DDB2 /* Keys.plist */,
				495C431E1F4247160034DDB2 /* Keys_dummy.plist */,
				492AE8691FB089E000F7B7C1 /* LKNWearable.xcdatamodeld */,
				492AE86C1FB08DCD00F7B7C1 /* HeartDataTableViewController.swift */,
				49DC1B801FC5A246005064C0 /* SettingsTableViewController.swift */,
				49DC1B821FC5A369005064C0 /* DateOfBirthViewController.swift */,
				49DC1B841FC5B3FF005064C0 /* NameTableViewController.swift */,
			);
			path = LKNWearable;
			sourceTree = "<group>";
		};
/* End PBXGroup section */

/* Begin PBXNativeTarget section */
		493F21441F0D5EBC002237F7 /* LKNWearable */ = {
			isa = PBXNativeTarget;
			buildConfigurationList = 493F21571F0D5EBC002237F7 /* Build configuration list for PBXNativeTarget "LKNWearable" */;
			buildPhases = (
				B640C4D45EA6FF409BFEBE52 /* [CP] Check Pods Manifest.lock */,
				493F21411F0D5EBC002237F7 /* Sources */,
				493F21421F0D5EBC002237F7 /* Frameworks */,
				493F21431F0D5EBC002237F7 /* Resources */,
				86CB3DDD5D49ABF7DC2B10BA /* [CP] Embed Pods Frameworks */,
				7E58A1B95B97F6A3F4D86B7A /* [CP] Copy Pods Resources */,
				49348C811FC59F6D001B5B5C /* ShellScript */,
			);
			buildRules = (
			);
			dependencies = (
			);
			name = LKNWearable;
			productName = LKNWearable;
			productReference = 493F21451F0D5EBC002237F7 /* LKNWearable.app */;
			productType = "com.apple.product-type.application";
		};
/* End PBXNativeTarget section */

/* Begin PBXProject section */
		493F213D1F0D5EBC002237F7 /* Project object */ = {
			isa = PBXProject;
			attributes = {
				LastSwiftUpdateCheck = 0830;
				LastUpgradeCheck = 0830;
				ORGANIZATIONNAME = "Living Knowledge Network";
				TargetAttributes = {
					493F21441F0D5EBC002237F7 = {
						CreatedOnToolsVersion = 8.3.3;
						DevelopmentTeam = 33W58W5MZ2;
						ProvisioningStyle = Manual;
						SystemCapabilities = {
							com.apple.BackgroundModes = {
								enabled = 1;
							};
						};
					};
				};
			};
			buildConfigurationList = 493F21401F0D5EBC002237F7 /* Build configuration list for PBXProject "LKNWearable" */;
			compatibilityVersion = "Xcode 3.2";
			developmentRegion = English;
			hasScannedForEncodings = 0;
			knownRegions = (
				en,
				Base,
			);
			mainGroup = 493F213C1F0D5EBC002237F7;
			productRefGroup = 493F21461F0D5EBC002237F7 /* Products */;
			projectDirPath = "";
			projectRoot = "";
			targets = (
				493F21441F0D5EBC002237F7 /* LKNWearable */,
			);
		};
/* End PBXProject section */

/* Begin PBXResourcesBuildPhase section */
		493F21431F0D5EBC002237F7 /* Resources */ = {
			isa = PBXResourcesBuildPhase;
			buildActionMask = 2147483647;
			files = (
				495C431D1F4246510034DDB2 /* Keys.plist in Resources */,
				493F21531F0D5EBC002237F7 /* LaunchScreen.storyboard in Resources */,
				495C431F1F4247160034DDB2 /* Keys_dummy.plist in Resources */,
				493F21501F0D5EBC002237F7 /* Assets.xcassets in Resources */,
				493F214E1F0D5EBC002237F7 /* Main.storyboard in Resources */,
			);
			runOnlyForDeploymentPostprocessing = 0;
		};
/* End PBXResourcesBuildPhase section */

/* Begin PBXShellScriptBuildPhase section */
		49348C811FC59F6D001B5B5C /* ShellScript */ = {
			isa = PBXShellScriptBuildPhase;
			buildActionMask = 2147483647;
			files = (
			);
			inputPaths = (
			);
			outputPaths = (
			);
			runOnlyForDeploymentPostprocessing = 0;
			shellPath = /bin/sh;
			shellScript = "\"${PODS_ROOT}/Fabric/run\" 03791a6e1097966dddb27408e47faaeee042d828 e408befd9785cb8961eb8ac07a1fc4aaea94bb43f82398dd71230195ff51f8c0";
		};
		7E58A1B95B97F6A3F4D86B7A /* [CP] Copy Pods Resources */ = {
			isa = PBXShellScriptBuildPhase;
			buildActionMask = 2147483647;
			files = (
			);
			inputPaths = (
			);
			name = "[CP] Copy Pods Resources";
			outputPaths = (
			);
			runOnlyForDeploymentPostprocessing = 0;
			shellPath = /bin/sh;
			shellScript = "\"${SRCROOT}/Pods/Target Support Files/Pods-LKNWearable/Pods-LKNWearable-resources.sh\"\n";
			showEnvVarsInLog = 0;
		};
		86CB3DDD5D49ABF7DC2B10BA /* [CP] Embed Pods Frameworks */ = {
			isa = PBXShellScriptBuildPhase;
			buildActionMask = 2147483647;
			files = (
			);
			inputPaths = (
			);
			name = "[CP] Embed Pods Frameworks";
			outputPaths = (
			);
			runOnlyForDeploymentPostprocessing = 0;
			shellPath = /bin/sh;
			shellScript = "\"${SRCROOT}/Pods/Target Support Files/Pods-LKNWearable/Pods-LKNWearable-frameworks.sh\"\n";
			showEnvVarsInLog = 0;
		};
		B640C4D45EA6FF409BFEBE52 /* [CP] Check Pods Manifest.lock */ = {
			isa = PBXShellScriptBuildPhase;
			buildActionMask = 2147483647;
			files = (
			);
			inputPaths = (
			);
			name = "[CP] Check Pods Manifest.lock";
			outputPaths = (
			);
			runOnlyForDeploymentPostprocessing = 0;
			shellPath = /bin/sh;
			shellScript = "diff \"${PODS_PODFILE_DIR_PATH}/Podfile.lock\" \"${PODS_ROOT}/Manifest.lock\" > /dev/null\nif [ $? != 0 ] ; then\n    # print error to STDERR\n    echo \"error: The sandbox is not in sync with the Podfile.lock. Run 'pod install' or update your CocoaPods installation.\" >&2\n    exit 1\nfi\n";
			showEnvVarsInLog = 0;
		};
/* End PBXShellScriptBuildPhase section */

/* Begin PBXSourcesBuildPhase section */
		493F21411F0D5EBC002237F7 /* Sources */ = {
			isa = PBXSourcesBuildPhase;
			buildActionMask = 2147483647;
			files = (
				492AE86B1FB089E000F7B7C1 /* LKNWearable.xcdatamodeld in Sources */,
				49DC1B831FC5A369005064C0 /* DateOfBirthViewController.swift in Sources */,
				49DC1B851FC5B3FF005064C0 /* NameTableViewController.swift in Sources */,
				49DC1B811FC5A246005064C0 /* SettingsTableViewController.swift in Sources */,
				493F214B1F0D5EBC002237F7 /* ViewController.swift in Sources */,
				492AE86D1FB08DCD00F7B7C1 /* HeartDataTableViewController.swift in Sources */,
				493F21491F0D5EBC002237F7 /* AppDelegate.swift in Sources */,
			);
			runOnlyForDeploymentPostprocessing = 0;
		};
/* End PBXSourcesBuildPhase section */

/* Begin PBXVariantGroup section */
		493F214C1F0D5EBC002237F7 /* Main.storyboard */ = {
			isa = PBXVariantGroup;
			children = (
				493F214D1F0D5EBC002237F7 /* Base */,
			);
			name = Main.storyboard;
			sourceTree = "<group>";
		};
		493F21511F0D5EBC002237F7 /* LaunchScreen.storyboard */ = {
			isa = PBXVariantGroup;
			children = (
				493F21521F0D5EBC002237F7 /* Base */,
			);
			name = LaunchScreen.storyboard;
			sourceTree = "<group>";
		};
/* End PBXVariantGroup section */

/* Begin XCBuildConfiguration section */
		493F21551F0D5EBC002237F7 /* Debug */ = {
			isa = XCBuildConfiguration;
			buildSettings = {
				ALWAYS_SEARCH_USER_PATHS = NO;
				CLANG_ANALYZER_NONNULL = YES;
				CLANG_ANALYZER_NUMBER_OBJECT_CONVERSION = YES_AGGRESSIVE;
				CLANG_CXX_LANGUAGE_STANDARD = "gnu++0x";
				CLANG_CXX_LIBRARY = "libc++";
				CLANG_ENABLE_MODULES = YES;
				CLANG_ENABLE_OBJC_ARC = YES;
				CLANG_WARN_BOOL_CONVERSION = YES;
				CLANG_WARN_CONSTANT_CONVERSION = YES;
				CLANG_WARN_DIRECT_OBJC_ISA_USAGE = YES_ERROR;
				CLANG_WARN_DOCUMENTATION_COMMENTS = YES;
				CLANG_WARN_EMPTY_BODY = YES;
				CLANG_WARN_ENUM_CONVERSION = YES;
				CLANG_WARN_INFINITE_RECURSION = YES;
				CLANG_WARN_INT_CONVERSION = YES;
				CLANG_WARN_OBJC_ROOT_CLASS = YES_ERROR;
				CLANG_WARN_SUSPICIOUS_MOVE = YES;
				CLANG_WARN_UNREACHABLE_CODE = YES;
				CLANG_WARN__DUPLICATE_METHOD_MATCH = YES;
				"CODE_SIGN_IDENTITY[sdk=iphoneos*]" = "iPhone Developer";
				COPY_PHASE_STRIP = NO;
				DEBUG_INFORMATION_FORMAT = dwarf;
				ENABLE_STRICT_OBJC_MSGSEND = YES;
				ENABLE_TESTABILITY = YES;
				GCC_C_LANGUAGE_STANDARD = gnu99;
				GCC_DYNAMIC_NO_PIC = NO;
				GCC_NO_COMMON_BLOCKS = YES;
				GCC_OPTIMIZATION_LEVEL = 0;
				GCC_PREPROCESSOR_DEFINITIONS = (
					"DEBUG=1",
					"$(inherited)",
				);
				GCC_WARN_64_TO_32_BIT_CONVERSION = YES;
				GCC_WARN_ABOUT_RETURN_TYPE = YES_ERROR;
				GCC_WARN_UNDECLARED_SELECTOR = YES;
				GCC_WARN_UNINITIALIZED_AUTOS = YES_AGGRESSIVE;
				GCC_WARN_UNUSED_FUNCTION = YES;
				GCC_WARN_UNUSED_VARIABLE = YES;
				IPHONEOS_DEPLOYMENT_TARGET = 9.3;
				MTL_ENABLE_DEBUG_INFO = YES;
				ONLY_ACTIVE_ARCH = YES;
				SDKROOT = iphoneos;
				SWIFT_ACTIVE_COMPILATION_CONDITIONS = DEBUG;
				SWIFT_OPTIMIZATION_LEVEL = "-Onone";
				TARGETED_DEVICE_FAMILY = "1,2";
			};
			name = Debug;
		};
		493F21561F0D5EBC002237F7 /* Release */ = {
			isa = XCBuildConfiguration;
			buildSettings = {
				ALWAYS_SEARCH_USER_PATHS = NO;
				CLANG_ANALYZER_NONNULL = YES;
				CLANG_ANALYZER_NUMBER_OBJECT_CONVERSION = YES_AGGRESSIVE;
				CLANG_CXX_LANGUAGE_STANDARD = "gnu++0x";
				CLANG_CXX_LIBRARY = "libc++";
				CLANG_ENABLE_MODULES = YES;
				CLANG_ENABLE_OBJC_ARC = YES;
				CLANG_WARN_BOOL_CONVERSION = YES;
				CLANG_WARN_CONSTANT_CONVERSION = YES;
				CLANG_WARN_DIRECT_OBJC_ISA_USAGE = YES_ERROR;
				CLANG_WARN_DOCUMENTATION_COMMENTS = YES;
				CLANG_WARN_EMPTY_BODY = YES;
				CLANG_WARN_ENUM_CONVERSION = YES;
				CLANG_WARN_INFINITE_RECURSION = YES;
				CLANG_WARN_INT_CONVERSION = YES;
				CLANG_WARN_OBJC_ROOT_CLASS = YES_ERROR;
				CLANG_WARN_SUSPICIOUS_MOVE = YES;
				CLANG_WARN_UNREACHABLE_CODE = YES;
				CLANG_WARN__DUPLICATE_METHOD_MATCH = YES;
				"CODE_SIGN_IDENTITY[sdk=iphoneos*]" = "iPhone Developer";
				COPY_PHASE_STRIP = NO;
				DEBUG_INFORMATION_FORMAT = "dwarf-with-dsym";
				ENABLE_NS_ASSERTIONS = NO;
				ENABLE_STRICT_OBJC_MSGSEND = YES;
				GCC_C_LANGUAGE_STANDARD = gnu99;
				GCC_NO_COMMON_BLOCKS = YES;
				GCC_WARN_64_TO_32_BIT_CONVERSION = YES;
				GCC_WARN_ABOUT_RETURN_TYPE = YES_ERROR;
				GCC_WARN_UNDECLARED_SELECTOR = YES;
				GCC_WARN_UNINITIALIZED_AUTOS = YES_AGGRESSIVE;
				GCC_WARN_UNUSED_FUNCTION = YES;
				GCC_WARN_UNUSED_VARIABLE = YES;
				IPHONEOS_DEPLOYMENT_TARGET = 9.3;
				MTL_ENABLE_DEBUG_INFO = NO;
				SDKROOT = iphoneos;
				SWIFT_OPTIMIZATION_LEVEL = "-Owholemodule";
				TARGETED_DEVICE_FAMILY = "1,2";
				VALIDATE_PRODUCT = YES;
			};
			name = Release;
		};
		493F21581F0D5EBC002237F7 /* Debug */ = {
			isa = XCBuildConfiguration;
			baseConfigurationReference = 1E352AFAF4001A8AD52831E0 /* Pods-LKNWearable.debug.xcconfig */;
			buildSettings = {
				ASSETCATALOG_COMPILER_APPICON_NAME = AppIcon;
				"CODE_SIGN_IDENTITY[sdk=iphoneos*]" = "iPhone Distribution";
				CODE_SIGN_STYLE = Manual;
				DEVELOPMENT_TEAM = 33W58W5MZ2;
				INFOPLIST_FILE = LKNWearable/Info.plist;
				IPHONEOS_DEPLOYMENT_TARGET = 10.3;
				LD_RUNPATH_SEARCH_PATHS = "$(inherited) @executable_path/Frameworks";
				PRODUCT_BUNDLE_IDENTIFIER = "org.-lknhealth.LKNWearable";
				PRODUCT_NAME = "$(TARGET_NAME)";
				PROVISIONING_PROFILE = "3ea7640f-3cfd-4995-b624-bca31be139a6";
				PROVISIONING_PROFILE_SPECIFIER = "LKNWearable Ad Hoc";
				SWIFT_VERSION = 3.0;
			};
			name = Debug;
		};
		493F21591F0D5EBC002237F7 /* Release */ = {
			isa = XCBuildConfiguration;
			baseConfigurationReference = D48DEF5507BFDBE507284E95 /* Pods-LKNWearable.release.xcconfig */;
			buildSettings = {
				ASSETCATALOG_COMPILER_APPICON_NAME = AppIcon;
				"CODE_SIGN_IDENTITY[sdk=iphoneos*]" = "iPhone Distribution";
				CODE_SIGN_STYLE = Manual;
				DEVELOPMENT_TEAM = 33W58W5MZ2;
				INFOPLIST_FILE = LKNWearable/Info.plist;
				IPHONEOS_DEPLOYMENT_TARGET = 10.3;
				LD_RUNPATH_SEARCH_PATHS = "$(inherited) @executable_path/Frameworks";
				PRODUCT_BUNDLE_IDENTIFIER = "org.-lknhealth.LKNWearable";
				PRODUCT_NAME = "$(TARGET_NAME)";
				PROVISIONING_PROFILE = "3ea7640f-3cfd-4995-b624-bca31be139a6";
				PROVISIONING_PROFILE_SPECIFIER = "LKNWearable Ad Hoc";
				SWIFT_VERSION = 3.0;
			};
			name = Release;
		};
/* End XCBuildConfiguration section */

/* Begin XCConfigurationList section */
		493F21401F0D5EBC002237F7 /* Build configuration list for PBXProject "LKNWearable" */ = {
			isa = XCConfigurationList;
			buildConfigurations = (
				493F21551F0D5EBC002237F7 /* Debug */,
				493F21561F0D5EBC002237F7 /* Release */,
			);
			defaultConfigurationIsVisible = 0;
			defaultConfigurationName = Release;
		};
		493F21571F0D5EBC002237F7 /* Build configuration list for PBXNativeTarget "LKNWearable" */ = {
			isa = XCConfigurationList;
			buildConfigurations = (
				493F21581F0D5EBC002237F7 /* Debug */,
				493F21591F0D5EBC002237F7 /* Release */,
			);
			defaultConfigurationIsVisible = 0;
			defaultConfigurationName = Release;
		};
/* End XCConfigurationList section */

/* Begin XCVersionGroup section */
		492AE8691FB089E000F7B7C1 /* LKNWearable.xcdatamodeld */ = {
			isa = XCVersionGroup;
			children = (
				4992A51F1FC868800097A1D2 /* LKNWearable v2.xcdatamodel */,
				492AE86A1FB089E000F7B7C1 /* LKNWearable.xcdatamodel */,
			);
			currentVersion = 4992A51F1FC868800097A1D2 /* LKNWearable v2.xcdatamodel */;
			path = LKNWearable.xcdatamodeld;
			sourceTree = "<group>";
			versionGroupType = wrapper.xcdatamodel;
		};
/* End XCVersionGroup section */
	};
	rootObject = 493F213D1F0D5EBC002237F7 /* Project object */;
}
